
Microsoft Visual Studio Solution File, Format Version 12.00
# Visual Studio 14
VisualStudioVersion = 14.0.23107.0
MinimumVisualStudioVersion = 10.0.40219.1
Project("{FAE04EC0-301F-11D3-BF4B-00C04F79EFBC}") = "Test", "Test\Test.csproj", "{87C932FE-5EFF-4339-AF5C-329AAC4EDD3C}"
EndProject
Project("{FAE04EC0-301F-11D3-BF4B-00C04F79EFBC}") = "1.0SeriesOfletters", "1.0SeriesOfletters\1.0SeriesOfletters.csproj", "{2ACE19DC-CA5E-4A12-8674-B4B24A867A82}"
EndProject
Project("{FAE04EC0-301F-11D3-BF4B-00C04F79EFBC}") = "2.0ReplaceATag", "2.0ReplaceATag\2.0ReplaceATag.csproj", "{01A9694F-2EE5-4689-9BE6-A2EA4A338737}"
EndProject
Project("{FAE04EC0-301F-11D3-BF4B-00C04F79EFBC}") = "3.0ExtractEmails", "3.0ExtractEmails\3.0ExtractEmails.csproj", "{89D04D13-ED59-497D-915B-2A5E24FD6415}"
EndProject
Project("{FAE04EC0-301F-11D3-BF4B-00C04F79EFBC}") = "4.0SentanceExtractor", "4.0SentanceExtractor\4.0SentanceExtractor.csproj", "{ACAEC509-04E2-427C-B735-4F5149A945A8}"
EndProject
Global
	GlobalSection(SolutionConfigurationPlatforms) = preSolution
		Debug|Any CPU = Debug|Any CPU
		Release|Any CPU = Release|Any CPU
	EndGlobalSection
	GlobalSection(ProjectConfigurationPlatforms) = postSolution
		{87C932FE-5EFF-4339-AF5C-329AAC4EDD3C}.Debug|Any CPU.ActiveCfg = Debug|Any CPU
		{87C932FE-5EFF-4339-AF5C-329AAC4EDD3C}.Debug|Any CPU.Build.0 = Debug|Any CPU
		{87C932FE-5EFF-4339-AF5C-329AAC4EDD3C}.Release|Any CPU.ActiveCfg = Release|Any CPU
		{87C932FE-5EFF-4339-AF5C-329AAC4EDD3C}.Release|Any CPU.Build.0 = Release|Any CPU
		{2ACE19DC-CA5E-4A12-8674-B4B24A867A82}.Debug|Any CPU.ActiveCfg = Debug|Any CPU
		{2ACE19DC-CA5E-4A12-8674-B4B24A867A82}.Debug|Any CPU.Build.0 = Debug|Any CPU
		{2ACE19DC-CA5E-4A12-8674-B4B24A867A82}.Release|Any CPU.ActiveCfg = Release|Any CPU
		{2ACE19DC-CA5E-4A12-8674-B4B24A867A82}.Release|Any CPU.Build.0 = Release|Any CPU
		{01A9694F-2EE5-4689-9BE6-A2EA4A338737}.Debug|Any CPU.ActiveCfg = Debug|Any CPU
		{01A9694F-2EE5-4689-9BE6-A2EA4A338737}.Debug|Any CPU.Build.0 = Debug|Any CPU
		{01A9694F-2EE5-4689-9BE6-A2EA4A338737}.Release|Any CPU.ActiveCfg = Release|Any CPU
		{01A9694F-2EE5-4689-9BE6-A2EA4A338737}.Release|Any CPU.Build.0 = Release|Any CPU
		{89D04D13-ED59-497D-915B-2A5E24FD6415}.Debug|Any CPU.ActiveCfg = Debug|Any CPU
		{89D04D13-ED59-497D-915B-2A5E24FD6415}.Debug|Any CPU.Build.0 = Debug|Any CPU
		{89D04D13-ED59-497D-915B-2A5E24FD6415}.Release|Any CPU.ActiveCfg = Release|Any CPU
		{89D04D13-ED59-497D-915B-2A5E24FD6415}.Release|Any CPU.Build.0 = Release|Any CPU
		{ACAEC509-04E2-427C-B735-4F5149A945A8}.Debug|Any CPU.ActiveCfg = Debug|Any CPU
		{ACAEC509-04E2-427C-B735-4F5149A945A8}.Debug|Any CPU.Build.0 = Debug|Any CPU
		{ACAEC509-04E2-427C-B735-4F5149A945A8}.Release|Any CPU.ActiveCfg = Release|Any CPU
		{ACAEC509-04E2-427C-B735-4F5149A945A8}.Release|Any CPU.Build.0 = Release|Any CPU
	EndGlobalSection
	GlobalSection(SolutionProperties) = preSolution
		HideSolutionNode = FALSE
	EndGlobalSection
EndGlobal
